// !$*UTF8*$!
{
	archiveVersion = 1;
	classes = {
	};
	objectVersion = 77;
	objects = {

/* Begin PBXContainerItemProxy section */
		C7CED1A52EEA393700C28194 /* PBXContainerItemProxy */ = {
			isa = PBXContainerItemProxy;
			containerPortal = C7CED18F2EEA393500C28194 /* Project object */;
			proxyType = 1;
			remoteGlobalIDString = C7CED1962EEA393500C28194;
			remoteInfo = optic_detec;
		};
		C7CED1AF2EEA393700C28194 /* PBXContainerItemProxy */ = {
			isa = PBXContainerItemProxy;
			containerPortal = C7CED18F2EEA393500C28194 /* Project object */;
			proxyType = 1;
			remoteGlobalIDString = C7CED1962EEA393500C28194;
			remoteInfo = optic_detec;
		};
/* End PBXContainerItemProxy section */

/* Begin PBXFileReference section */
		C7CED1972EEA393500C28194 /* optic_detec.app */ = {isa = PBXFileReference; explicitFileType = wrapper.application; includeInIndex = 0; path = optic_detec.app; sourceTree = BUILT_PRODUCTS_DIR; };
		C7CED1A42EEA393700C28194 /* optic_detecTests.xctest */ = {isa = PBXFileReference; explicitFileType = wrapper.cfbundle; includeInIndex = 0; path = optic_detecTests.xctest; sourceTree = BUILT_PRODUCTS_DIR; };
		C7CED1AE2EEA393700C28194 /* optic_detecUITests.xctest */ = {isa = PBXFileReference; explicitFileType = wrapper.cfbundle; includeInIndex = 0; path = optic_detecUITests.xctest; sourceTree = BUILT_PRODUCTS_DIR; };
/* End PBXFileReference section */

/* Begin PBXFileSystemSynchronizedBuildFileExceptionSet section */
		C756D12F2EEB4A7E0036A5D5 /* Exceptions for "optic_detec" folder in "optic_detec" target */ = {
			isa = PBXFileSystemSynchronizedBuildFileExceptionSet;
			membershipExceptions = (
				Assets.xcassets,
				ContentView.swift,
				Login/LoginView.swift,
				Login/LoginViewModel.swift,
				optic_detecApp.swift,
			);
			target = C7CED1962EEA393500C28194 /* optic_detec */;
		};
		C756D1302EEB4A7E0036A5D5 /* Exceptions for "optic_detec" folder in "optic_detecUITests" target */ = {
			isa = PBXFileSystemSynchronizedBuildFileExceptionSet;
			membershipExceptions = (
				Assets.xcassets,
				ContentView.swift,
				optic_detecApp.swift,
			);
			target = C7CED1AD2EEA393700C28194 /* optic_detecUITests */;
		};
/* End PBXFileSystemSynchronizedBuildFileExceptionSet section */

/* Begin PBXFileSystemSynchronizedRootGroup section */
		C756D12B2EEB4A7E0036A5D5 /* optic_detec */ = {
			isa = PBXFileSystemSynchronizedRootGroup;
			exceptions = (
				C756D12F2EEB4A7E0036A5D5 /* Exceptions for "optic_detec" folder in "optic_detec" target */,
				C756D1302EEB4A7E0036A5D5 /* Exceptions for "optic_detec" folder in "optic_detecUITests" target */,
			);
			path = optic_detec;
			sourceTree = "<group>";
		};
		C7CED1A72EEA393700C28194 /* optic_detecTests */ = {
			isa = PBXFileSystemSynchronizedRootGroup;
			path = optic_detecTests;
			sourceTree = "<group>";
		};
		C7CED1B12EEA393700C28194 /* optic_detecUITests */ = {
			isa = PBXFileSystemSynchronizedRootGroup;
			path = optic_detecUITests;
			sourceTree = "<group>";
		};
/* End PBXFileSystemSynchronizedRootGroup section */

/* Begin PBXFrameworksBuildPhase section */
		C7CED1942EEA393500C28194 /* Frameworks */ = {
			isa = PBXFrameworksBuildPhase;
			buildActionMask = 2147483647;
			files = (
			);
			runOnlyForDeploymentPostprocessing = 0;
		};
		C7CED1A12EEA393700C28194 /* Frameworks */ = {
			isa = PBXFrameworksBuildPhase;
			buildActionMask = 2147483647;
			files = (
			);
			runOnlyForDeploymentPostprocessing = 0;
		};
		C7CED1AB2EEA393700C28194 /* Frameworks */ = {
			isa = PBXFrameworksBuildPhase;
			buildActionMask = 2147483647;
			files = (
			);
			runOnlyForDeploymentPostprocessing = 0;
		};
/* End PBXFrameworksBuildPhase section */

/* Begin PBXGroup section */
		C7CED18E2EEA393500C28194 = {
			isa = PBXGroup;
			children = (
				C756D12B2EEB4A7E0036A5D5 /* optic_detec */,
				C7CED1A72EEA393700C28194 /* optic_detecTests */,
				C7CED1B12EEA393700C28194 /* optic_detecUITests */,
				C7CED1982EEA393500C28194 /* Products */,
			);
			sourceTree = "<group>";
		};
		C7CED1982EEA393500C28194 /* Products */ = {
			isa = PBXGroup;
			children = (
				C7CED1972EEA393500C28194 /* optic_detec.app */,
				C7CED1A42EEA393700C28194 /* optic_detecTests.xctest */,
				C7CED1AE2EEA393700C28194 /* optic_detecUITests.xctest */,
			);
			name = Products;
			sourceTree = "<group>";
		};
/* End PBXGroup section */

/* Begin PBXNativeTarget section */
		C7CED1962EEA393500C28194 /* optic_detec */ = {
			isa = PBXNativeTarget;
			buildConfigurationList = C7CED1B82EEA393700C28194 /* Build configuration list for PBXNativeTarget "optic_detec" */;
			buildPhases = (
				C7CED1932EEA393500C28194 /* Sources */,
				C7CED1942EEA393500C28194 /* Frameworks */,
				C7CED1952EEA393500C28194 /* Resources */,
			);
			buildRules = (
			);
			dependencies = (
			);
			name = optic_detec;
			packageProductDependencies = (
			);
			productName = optic_detec;
			productReference = C7CED1972EEA393500C28194 /* optic_detec.app */;
			productType = "com.apple.product-type.application";
		};
		C7CED1A32EEA393700C28194 /* optic_detecTests */ = {
			isa = PBXNativeTarget;
			buildConfigurationList = C7CED1BB2EEA393700C28194 /* Build configuration list for PBXNativeTarget "optic_detecTests" */;
			buildPhases = (
				C7CED1A02EEA393700C28194 /* Sources */,
				C7CED1A12EEA393700C28194 /* Frameworks */,
				C7CED1A22EEA393700C28194 /* Resources */,
			);
			buildRules = (
			);
			dependencies = (
				C7CED1A62EEA393700C28194 /* PBXTargetDependency */,
			);
			fileSystemSynchronizedGroups = (
				C7CED1A72EEA393700C28194 /* optic_detecTests */,
			);
			name = optic_detecTests;
			packageProductDependencies = (
			);
			productName = optic_detecTests;
			productReference = C7CED1A42EEA393700C28194 /* optic_detecTests.xctest */;
			productType = "com.apple.product-type.bundle.unit-test";
		};
		C7CED1AD2EEA393700C28194 /* optic_detecUITests */ = {
			isa = PBXNativeTarget;
			buildConfigurationList = C7CED1BE2EEA393700C28194 /* Build configuration list for PBXNativeTarget "optic_detecUITests" */;
			buildPhases = (
				C7CED1AA2EEA393700C28194 /* Sources */,
				C7CED1AB2EEA393700C28194 /* Frameworks */,
				C7CED1AC2EEA393700C28194 /* Resources */,
			);
			buildRules = (
			);
			dependencies = (
				C7CED1B02EEA393700C28194 /* PBXTargetDependency */,
			);
			fileSystemSynchronizedGroups = (
				C756D12B2EEB4A7E0036A5D5 /* optic_detec */,
				C7CED1B12EEA393700C28194 /* optic_detecUITests */,
			);
			name = optic_detecUITests;
			packageProductDependencies = (
			);
			productName = optic_detecUITests;
			productReference = C7CED1AE2EEA393700C28194 /* optic_detecUITests.xctest */;
			productType = "com.apple.product-type.bundle.ui-testing";
		};
/* End PBXNativeTarget section */

/* Begin PBXProject section */
		C7CED18F2EEA393500C28194 /* Project object */ = {
			isa = PBXProject;
			attributes = {
				BuildIndependentTargetsInParallel = 1;
				LastSwiftUpdateCheck = 2610;
				LastUpgradeCheck = 2610;
				TargetAttributes = {
					C7CED1962EEA393500C28194 = {
						CreatedOnToolsVersion = 26.1.1;
					};
					C7CED1A32EEA393700C28194 = {
						CreatedOnToolsVersion = 26.1.1;
						TestTargetID = C7CED1962EEA393500C28194;
					};
					C7CED1AD2EEA393700C28194 = {
						CreatedOnToolsVersion = 26.1.1;
						TestTargetID = C7CED1962EEA393500C28194;
					};
				};
			};
			buildConfigurationList = C7CED1922EEA393500C28194 /* Build configuration list for PBXProject "optic_detec" */;
			developmentRegion = en;
			hasScannedForEncodings = 0;
			knownRegions = (
				en,
				Base,
			);
			mainGroup = C7CED18E2EEA393500C28194;
			minimizedProjectReferenceProxies = 1;
			preferredProjectObjectVersion = 77;
			productRefGroup = C7CED1982EEA393500C28194 /* Products */;
			projectDirPath = "";
			projectRoot = "";
			targets = (
				C7CED1962EEA393500C28194 /* optic_detec */,
				C7CED1A32EEA393700C28194 /* optic_detecTests */,
				C7CED1AD2EEA393700C28194 /* optic_detecUITests */,
			);
		};
/* End PBXProject section */

/* Begin PBXResourcesBuildPhase section */
		C7CED1952EEA393500C28194 /* Resources */ = {
			isa = PBXResourcesBuildPhase;
			buildActionMask = 2147483647;
			files = (
			);
			runOnlyForDeploymentPostprocessing = 0;
		};
		C7CED1A22EEA393700C28194 /* Resources */ = {
			isa = PBXResourcesBuildPhase;
			buildActionMask = 2147483647;
			files = (
			);
			runOnlyForDeploymentPostprocessing = 0;
		};
		C7CED1AC2EEA393700C28194 /* Resources */ = {
			isa = PBXResourcesBuildPhase;
			buildActionMask = 2147483647;
			files = (
			);
			runOnlyForDeploymentPostprocessing = 0;
		};
/* End PBXResourcesBuildPhase section */

/* Begin PBXSourcesBuildPhase section */
		C7CED1932EEA393500C28194 /* Sources */ = {
			isa = PBXSourcesBuildPhase;
			buildActionMask = 2147483647;
			files = (
			);
			runOnlyForDeploymentPostprocessing = 0;
		};
		C7CED1A02EEA393700C28194 /* Sources */ = {
			isa = PBXSourcesBuildPhase;
			buildActionMask = 2147483647;
			files = (
			);
			runOnlyForDeploymentPostprocessing = 0;
		};
		C7CED1AA2EEA393700C28194 /* Sources */ = {
			isa = PBXSourcesBuildPhase;
			buildActionMask = 2147483647;
			files = (
			);
			runOnlyForDeploymentPostprocessing = 0;
		};
/* End PBXSourcesBuildPhase section */

/* Begin PBXTargetDependency section */
		C7CED1A62EEA393700C28194 /* PBXTargetDependency */ = {
			isa = PBXTargetDependency;
			target = C7CED1962EEA393500C28194 /* optic_detec */;
			targetProxy = C7CED1A52EEA393700C28194 /* PBXContainerItemProxy */;
		};
		C7CED1B02EEA393700C28194 /* PBXTargetDependency */ = {
			isa = PBXTargetDependency;
			target = C7CED1962EEA393500C28194 /* optic_detec */;
			targetProxy = C7CED1AF2EEA393700C28194 /* PBXContainerItemProxy */;
		};
/* End PBXTargetDependency section */

/* Begin XCBuildConfiguration section */
		C7CED1B62EEA393700C28194 /* Debug */ = {
			isa = XCBuildConfiguration;
			buildSettings = {
				ALWAYS_SEARCH_USER_PATHS = NO;
				ASSETCATALOG_COMPILER_GENERATE_SWIFT_ASSET_SYMBOL_EXTENSIONS = YES;
				CLANG_ANALYZER_NONNULL = YES;
				CLANG_ANALYZER_NUMBER_OBJECT_CONVERSION = YES_AGGRESSIVE;
				CLANG_CXX_LANGUAGE_STANDARD = "gnu++20";
				CLANG_ENABLE_MODULES = YES;
				CLANG_ENABLE_OBJC_ARC = YES;
				CLANG_ENABLE_OBJC_WEAK = YES;
				CLANG_WARN_BLOCK_CAPTURE_AUTORELEASING = YES;
				CLANG_WARN_BOOL_CONVERSION = YES;
				CLANG_WARN_COMMA = YES;
				CLANG_WARN_CONSTANT_CONVERSION = YES;
				CLANG_WARN_DEPRECATED_OBJC_IMPLEMENTATIONS = YES;
				CLANG_WARN_DIRECT_OBJC_ISA_USAGE = YES_ERROR;
				CLANG_WARN_DOCUMENTATION_COMMENTS = YES;
				CLANG_WARN_EMPTY_BODY = YES;
				CLANG_WARN_ENUM_CONVERSION = YES;
				CLANG_WARN_INFINITE_RECURSION = YES;
				CLANG_WARN_INT_CONVERSION = YES;
				CLANG_WARN_NON_LITERAL_NULL_CONVERSION = YES;
				CLANG_WARN_OBJC_IMPLICIT_RETAIN_SELF = YES;
				CLANG_WARN_OBJC_LITERAL_CONVERSION = YES;
				CLANG_WARN_OBJC_ROOT_CLASS = YES_ERROR;
				CLANG_WARN_QUOTED_INCLUDE_IN_FRAMEWORK_HEADER = YES;
				CLANG_WARN_RANGE_LOOP_ANALYSIS = YES;
				CLANG_WARN_STRICT_PROTOTYPES = YES;
				CLANG_WARN_SUSPICIOUS_MOVE = YES;
				CLANG_WARN_UNGUARDED_AVAILABILITY = YES_AGGRESSIVE;
				CLANG_WARN_UNREACHABLE_CODE = YES;
				CLANG_WARN__DUPLICATE_METHOD_MATCH = YES;
				COPY_PHASE_STRIP = NO;
				DEBUG_INFORMATION_FORMAT = dwarf;
				ENABLE_STRICT_OBJC_MSGSEND = YES;
				ENABLE_TESTABILITY = YES;
				ENABLE_USER_SCRIPT_SANDBOXING = YES;
				GCC_C_LANGUAGE_STANDARD = gnu17;
				GCC_DYNAMIC_NO_PIC = NO;
				GCC_NO_COMMON_BLOCKS = YES;
				GCC_OPTIMIZATION_LEVEL = 0;
				GCC_PREPROCESSOR_DEFINITIONS = (
					"DEBUG=1",
					"$(inherited)",
				);
				GCC_WARN_64_TO_32_BIT_CONVERSION = YES;
				GCC_WARN_ABOUT_RETURN_TYPE = YES_ERROR;
				GCC_WARN_UNDECLARED_SELECTOR = YES;
				GCC_WARN_UNINITIALIZED_AUTOS = YES_AGGRESSIVE;
				GCC_WARN_UNUSED_FUNCTION = YES;
				GCC_WARN_UNUSED_VARIABLE = YES;
				IPHONEOS_DEPLOYMENT_TARGET = 26.1;
				LOCALIZATION_PREFERS_STRING_CATALOGS = YES;
				MTL_ENABLE_DEBUG_INFO = INCLUDE_SOURCE;
				MTL_FAST_MATH = YES;
				ONLY_ACTIVE_ARCH = YES;
				SDKROOT = iphoneos;
				SWIFT_ACTIVE_COMPILATION_CONDITIONS = "DEBUG $(inherited)";
				SWIFT_OPTIMIZATION_LEVEL = "-Onone";
			};
			name = Debug;
		};
		C7CED1B72EEA393700C28194 /* Release */ = {
			isa = XCBuildConfiguration;
			buildSettings = {
				ALWAYS_SEARCH_USER_PATHS = NO;
				ASSETCATALOG_COMPILER_GENERATE_SWIFT_ASSET_SYMBOL_EXTENSIONS = YES;
				CLANG_ANALYZER_NONNULL = YES;
				CLANG_ANALYZER_NUMBER_OBJECT_CONVERSION = YES_AGGRESSIVE;
				CLANG_CXX_LANGUAGE_STANDARD = "gnu++20";
				CLANG_ENABLE_MODULES = YES;
				CLANG_ENABLE_OBJC_ARC = YES;
				CLANG_ENABLE_OBJC_WEAK = YES;
				CLANG_WARN_BLOCK_CAPTURE_AUTORELEASING = YES;
				CLANG_WARN_BOOL_CONVERSION = YES;
				CLANG_WARN_COMMA = YES;
				CLANG_WARN_CONSTANT_CONVERSION = YES;
				CLANG_WARN_DEPRECATED_OBJC_IMPLEMENTATIONS = YES;
				CLANG_WARN_DIRECT_OBJC_ISA_USAGE = YES_ERROR;
				CLANG_WARN_DOCUMENTATION_COMMENTS = YES;
				CLANG_WARN_EMPTY_BODY = YES;
				CLANG_WARN_ENUM_CONVERSION = YES;
				CLANG_WARN_INFINITE_RECURSION = YES;
				CLANG_WARN_INT_CONVERSION = YES;
				CLANG_WARN_NON_LITERAL_NULL_CONVERSION = YES;
				CLANG_WARN_OBJC_IMPLICIT_RETAIN_SELF = YES;
				CLANG_WARN_OBJC_LITERAL_CONVERSION = YES;
				CLANG_WARN_OBJC_ROOT_CLASS = YES_ERROR;
				CLANG_WARN_QUOTED_INCLUDE_IN_FRAMEWORK_HEADER = YES;
				CLANG_WARN_RANGE_LOOP_ANALYSIS = YES;
				CLANG_WARN_STRICT_PROTOTYPES = YES;
				CLANG_WARN_SUSPICIOUS_MOVE = YES;
				CLANG_WARN_UNGUARDED_AVAILABILITY = YES_AGGRESSIVE;
				CLANG_WARN_UNREACHABLE_CODE = YES;
				CLANG_WARN__DUPLICATE_METHOD_MATCH = YES;
				COPY_PHASE_STRIP = NO;
				DEBUG_INFORMATION_FORMAT = "dwarf-with-dsym";
				ENABLE_NS_ASSERTIONS = NO;
				ENABLE_STRICT_OBJC_MSGSEND = YES;
				ENABLE_USER_SCRIPT_SANDBOXING = YES;
				GCC_C_LANGUAGE_STANDARD = gnu17;
				GCC_NO_COMMON_BLOCKS = YES;
				GCC_WARN_64_TO_32_BIT_CONVERSION = YES;
				GCC_WARN_ABOUT_RETURN_TYPE = YES_ERROR;
				GCC_WARN_UNDECLARED_SELECTOR = YES;
				GCC_WARN_UNINITIALIZED_AUTOS = YES_AGGRESSIVE;
				GCC_WARN_UNUSED_FUNCTION = YES;
				GCC_WARN_UNUSED_VARIABLE = YES;
				IPHONEOS_DEPLOYMENT_TARGET = 26.1;
				LOCALIZATION_PREFERS_STRING_CATALOGS = YES;
				MTL_ENABLE_DEBUG_INFO = NO;
				MTL_FAST_MATH = YES;
				SDKROOT = iphoneos;
				SWIFT_COMPILATION_MODE = wholemodule;
				VALIDATE_PRODUCT = YES;
			};
			name = Release;
		};
		C7CED1B92EEA393700C28194 /* Debug */ = {
			isa = XCBuildConfiguration;
			buildSettings = {
				ASSETCATALOG_COMPILER_APPICON_NAME = AppIcon;
				ASSETCATALOG_COMPILER_GLOBAL_ACCENT_COLOR_NAME = AccentColor;
				CODE_SIGN_STYLE = Automatic;
				CURRENT_PROJECT_VERSION = 1;
				ENABLE_PREVIEWS = YES;
				GENERATE_INFOPLIST_FILE = YES;
				INFOPLIST_KEY_UIApplicationSceneManifest_Generation = YES;
				INFOPLIST_KEY_UIApplicationSupportsIndirectInputEvents = YES;
				INFOPLIST_KEY_UILaunchScreen_Generation = YES;
				INFOPLIST_KEY_UISupportedInterfaceOrientations_iPad = "UIInterfaceOrientationPortrait UIInterfaceOrientationPortraitUpsideDown UIInterfaceOrientationLandscapeLeft UIInterfaceOrientationLandscapeRight";
				INFOPLIST_KEY_UISupportedInterfaceOrientations_iPhone = "UIInterfaceOrientationPortrait UIInterfaceOrientationLandscapeLeft UIInterfaceOrientationLandscapeRight";
				LD_RUNPATH_SEARCH_PATHS = (
					"$(inherited)",
					"@executable_path/Frameworks",
				);
				MARKETING_VERSION = 1.0;
				PRODUCT_BUNDLE_IDENTIFIER = "jrb.optic-detec";
				PRODUCT_NAME = "$(TARGET_NAME)";
				STRING_CATALOG_GENERATE_SYMBOLS = YES;
				SWIFT_APPROACHABLE_CONCURRENCY = YES;
				SWIFT_DEFAULT_ACTOR_ISOLATION = MainActor;
				SWIFT_EMIT_LOC_STRINGS = YES;
				SWIFT_UPCOMING_FEATURE_MEMBER_IMPORT_VISIBILITY = YES;
				SWIFT_VERSION = 5.0;
				TARGETED_DEVICE_FAMILY = "1,2";
			};
			name = Debug;
		};
		C7CED1BA2EEA393700C28194 /* Release */ = {
			isa = XCBuildConfiguration;
			buildSettings = {
				ASSETCATALOG_COMPILER_APPICON_NAME = AppIcon;
				ASSETCATALOG_COMPILER_GLOBAL_ACCENT_COLOR_NAME = AccentColor;
				CODE_SIGN_STYLE = Automatic;
				CURRENT_PROJECT_VERSION = 1;
				ENABLE_PREVIEWS = YES;
				GENERATE_INFOPLIST_FILE = YES;
				INFOPLIST_KEY_UIApplicationSceneManifest_Generation = YES;
				INFOPLIST_KEY_UIApplicationSupportsIndirectInputEvents = YES;
				INFOPLIST_KEY_UILaunchScreen_Generation = YES;
				INFOPLIST_KEY_UISupportedInterfaceOrientations_iPad = "UIInterfaceOrientationPortrait UIInterfaceOrientationPortraitUpsideDown UIInterfaceOrientationLandscapeLeft UIInterfaceOrientationLandscapeRight";
				INFOPLIST_KEY_UISupportedInterfaceOrientations_iPhone = "UIInterfaceOrientationPortrait UIInterfaceOrientationLandscapeLeft UIInterfaceOrientationLandscapeRight";
				LD_RUNPATH_SEARCH_PATHS = (
					"$(inherited)",
					"@executable_path/Frameworks",
				);
				MARKETING_VERSION = 1.0;
				PRODUCT_BUNDLE_IDENTIFIER = "jrb.optic-detec";
				PRODUCT_NAME = "$(TARGET_NAME)";
				STRING_CATALOG_GENERATE_SYMBOLS = YES;
				SWIFT_APPROACHABLE_CONCURRENCY = YES;
				SWIFT_DEFAULT_ACTOR_ISOLATION = MainActor;
				SWIFT_EMIT_LOC_STRINGS = YES;
				SWIFT_UPCOMING_FEATURE_MEMBER_IMPORT_VISIBILITY = YES;
				SWIFT_VERSION = 5.0;
				TARGETED_DEVICE_FAMILY = "1,2";
			};
			name = Release;
		};
		C7CED1BC2EEA393700C28194 /* Debug */ = {
			isa = XCBuildConfiguration;
			buildSettings = {
				BUNDLE_LOADER = "$(TEST_HOST)";
				CODE_SIGN_STYLE = Automatic;
				CURRENT_PROJECT_VERSION = 1;
				GENERATE_INFOPLIST_FILE = YES;
				IPHONEOS_DEPLOYMENT_TARGET = 26.1;
				MARKETING_VERSION = 1.0;
				PRODUCT_BUNDLE_IDENTIFIER = "jrb.optic-detecTests";
				PRODUCT_NAME = "$(TARGET_NAME)";
				STRING_CATALOG_GENERATE_SYMBOLS = NO;
				SWIFT_APPROACHABLE_CONCURRENCY = YES;
				SWIFT_EMIT_LOC_STRINGS = NO;
				SWIFT_UPCOMING_FEATURE_MEMBER_IMPORT_VISIBILITY = YES;
				SWIFT_VERSION = 5.0;
				TARGETED_DEVICE_FAMILY = "1,2";
				TEST_HOST = "$(BUILT_PRODUCTS_DIR)/optic_detec.app/$(BUNDLE_EXECUTABLE_FOLDER_PATH)/optic_detec";
			};
			name = Debug;
		};
		C7CED1BD2EEA393700C28194 /* Release */ = {
			isa = XCBuildConfiguration;
			buildSettings = {
				BUNDLE_LOADER = "$(TEST_HOST)";
				CODE_SIGN_STYLE = Automatic;
				CURRENT_PROJECT_VERSION = 1;
				GENERATE_INFOPLIST_FILE = YES;
				IPHONEOS_DEPLOYMENT_TARGET = 26.1;
				MARKETING_VERSION = 1.0;
				PRODUCT_BUNDLE_IDENTIFIER = "jrb.optic-detecTests";
				PRODUCT_NAME = "$(TARGET_NAME)";
				STRING_CATALOG_GENERATE_SYMBOLS = NO;
				SWIFT_APPROACHABLE_CONCURRENCY = YES;
				SWIFT_EMIT_LOC_STRINGS = NO;
				SWIFT_UPCOMING_FEATURE_MEMBER_IMPORT_VISIBILITY = YES;
				SWIFT_VERSION = 5.0;
				TARGETED_DEVICE_FAMILY = "1,2";
				TEST_HOST = "$(BUILT_PRODUCTS_DIR)/optic_detec.app/$(BUNDLE_EXECUTABLE_FOLDER_PATH)/optic_detec";
			};
			name = Release;
		};
		C7CED1BF2EEA393700C28194 /* Debug */ = {
			isa = XCBuildConfiguration;
			buildSettings = {
				CODE_SIGN_STYLE = Automatic;
				CURRENT_PROJECT_VERSION = 1;
				GENERATE_INFOPLIST_FILE = YES;
				MARKETING_VERSION = 1.0;
				PRODUCT_BUNDLE_IDENTIFIER = "jrb.optic-detecUITests";
				PRODUCT_NAME = "$(TARGET_NAME)";
				STRING_CATALOG_GENERATE_SYMBOLS = NO;
				SWIFT_APPROACHABLE_CONCURRENCY = YES;
				SWIFT_EMIT_LOC_STRINGS = NO;
				SWIFT_UPCOMING_FEATURE_MEMBER_IMPORT_VISIBILITY = YES;
				SWIFT_VERSION = 5.0;
				TARGETED_DEVICE_FAMILY = "1,2";
				TEST_TARGET_NAME = optic_detec;
			};
			name = Debug;
		};
		C7CED1C02EEA393700C28194 /* Release */ = {
			isa = XCBuildConfiguration;
			buildSettings = {
				CODE_SIGN_STYLE = Automatic;
				CURRENT_PROJECT_VERSION = 1;
				GENERATE_INFOPLIST_FILE = YES;
				MARKETING_VERSION = 1.0;
				PRODUCT_BUNDLE_IDENTIFIER = "jrb.optic-detecUITests";
				PRODUCT_NAME = "$(TARGET_NAME)";
				STRING_CATALOG_GENERATE_SYMBOLS = NO;
				SWIFT_APPROACHABLE_CONCURRENCY = YES;
				SWIFT_EMIT_LOC_STRINGS = NO;
				SWIFT_UPCOMING_FEATURE_MEMBER_IMPORT_VISIBILITY = YES;
				SWIFT_VERSION = 5.0;
				TARGETED_DEVICE_FAMILY = "1,2";
				TEST_TARGET_NAME = optic_detec;
			};
			name = Release;
		};
/* End XCBuildConfiguration section */

/* Begin XCConfigurationList section */
		C7CED1922EEA393500C28194 /* Build configuration list for PBXProject "optic_detec" */ = {
			isa = XCConfigurationList;
			buildConfigurations = (
				C7CED1B62EEA393700C28194 /* Debug */,
				C7CED1B72EEA393700C28194 /* Release */,
			);
			defaultConfigurationIsVisible = 0;
			defaultConfigurationName = Release;
		};
		C7CED1B82EEA393700C28194 /* Build configuration list for PBXNativeTarget "optic_detec" */ = {
			isa = XCConfigurationList;
			buildConfigurations = (
				C7CED1B92EEA393700C28194 /* Debug */,
				C7CED1BA2EEA393700C28194 /* Release */,
			);
			defaultConfigurationIsVisible = 0;
			defaultConfigurationName = Release;
		};
		C7CED1BB2EEA393700C28194 /* Build configuration list for PBXNativeTarget "optic_detecTests" */ = {
			isa = XCConfigurationList;
			buildConfigurations = (
				C7CED1BC2EEA393700C28194 /* Debug */,
				C7CED1BD2EEA393700C28194 /* Release */,
			);
			defaultConfigurationIsVisible = 0;
			defaultConfigurationName = Release;
		};
		C7CED1BE2EEA393700C28194 /* Build configuration list for PBXNativeTarget "optic_detecUITests" */ = {
			isa = XCConfigurationList;
			buildConfigurations = (
				C7CED1BF2EEA393700C28194 /* Debug */,
				C7CED1C02EEA393700C28194 /* Release */,
			);
			defaultConfigurationIsVisible = 0;
			defaultConfigurationName = Release;
		};
/* End XCConfigurationList section */
	};
	rootObject = C7CED18F2EEA393500C28194 /* Project object */;
}
